{
  "name": "floating-scroll",
  "version": "1.0.0",
  "lockfileVersion": 1,
  "requires": true,
  "dependencies": {
    "global-offset": {
      "version": "0.1.7",
      "resolved": "https://registry.npmjs.org/global-offset/-/global-offset-0.1.7.tgz",
      "integrity": "sha1-m2qQdxxqOAqiLiiaIaTBgQRkbbU="
    },
    "mutationobserver-shim": {
      "version": "0.3.3",
      "resolved": "https://registry.npmjs.org/mutationobserver-shim/-/mutationobserver-shim-0.3.3.tgz",
      "integrity": "sha512-gciOLNN8Vsf7YzcqRjKzlAJ6y7e+B86u7i3KXes0xfxx/nfLmozlW1Vn+Sc9x3tPIePFgc1AeIFhtRgkqTjzDQ=="
    },
    "resize-event": {
      "version": "1.2.1",
      "resolved": "https://registry.npmjs.org/resize-event/-/resize-event-1.2.1.tgz",
      "integrity": "sha512-5mNYHYV6pCdVi8LVOBf3S0kgMQUBf47+EhiklYq0FexbjjzZv1KlCIfIgzNJQVSBayeaYRxZQ35BNLTTZB99sQ==",
      "requires": {
        "mutationobserver-shim": "^0.3.1"
      }
    }
  }
}
